hash: 072ad167660e886614624f1f5aaff73eff46641fbdcc7538de31bd7895bb101b
updated: 2017-11-21T21:12:42.699849467-05:00
imports:
- name: github.com/alecthomas/kingpin
  version: 1087e65c9441605df944fb12c33f0fe7072d18ca
- name: github.com/alecthomas/template
  version: a0175ee3bccc567396460bf5acd36800cb10c49c
  subpackages:
  - parse
- name: github.com/alecthomas/units
  version: 2efee857e7cfd4f3d0138cc3cbb1b4966962b93a
- name: github.com/bgentry/speakeasy
  version: 4aabc24848ce5fd31929f7d1e4ea74d3709c14cd
testImports: []
